schema: '2.0'
stages:
  training_pipeline:
    cmd: python main.py
    deps:
    - path: artifacts/data_ingestion/input_raw.csv
      hash: md5
      md5: 7fe2501eeeb6fed65fa4116fc246312c
      size: 21159237
    - path: config/config.yaml
      hash: md5
      md5: 3a2ca32fef85ee4cdcec3e774c3cee92
      size: 1717
    - path: main.py
      hash: md5
      md5: 480a6b15d34385c9f2bc3e4cbb949bcb
      size: 703
    - path: src/Churn/components/
      hash: md5
      md5: 7b5b2451ace71bfdc839ea27d0052760.dir
      size: 72684
      nfiles: 12
    - path: src/Churn/pipeline/cleanup.py
      hash: md5
      md5: 02e1a78b7594fdcdc4cc50ed24d34638
      size: 2180
    - path: src/Churn/pipeline/main_pipeline.py
      hash: md5
      md5: b1abec52bead27d6556a3c8024bb16d2
      size: 4408
    - path: src/Churn/pipeline/prepare_data.py
      hash: md5
      md5: 8e2b64b4221c666d974e0cb6031da7e4
      size: 714
    - path: src/Churn/pipeline/prepare_model.py
      hash: md5
      md5: 31bdb5f72dc34b012e46768ec10beac2
      size: 1005
    - path: src/Churn/pipeline/train_evaluation.py
      hash: md5
      md5: 71ffd71b095d56cecdbbd56893dc71e3
      size: 1381
    outs:
    - path: artifacts/data_version/
      hash: md5
      md5: d751713988987e9331980363e24189ce.dir
      size: 0
      nfiles: 0
    - path: artifacts/evaluation/
      hash: md5
      md5: d751713988987e9331980363e24189ce.dir
      size: 0
      nfiles: 0
    - path: artifacts/model_version/
      hash: md5
      md5: d751713988987e9331980363e24189ce.dir
      size: 0
      nfiles: 0
  cloud_storage_push:
    cmd: python -m src.Churn.pipeline.cloud_storage_push
    deps:
    - path: artifacts/data_version/
      hash: md5
      md5: d751713988987e9331980363e24189ce.dir
      size: 0
      nfiles: 0
    - path: artifacts/evaluation/
      hash: md5
      md5: d751713988987e9331980363e24189ce.dir
      size: 0
      nfiles: 0
    - path: config/config.yaml
      hash: md5
      md5: 3a2ca32fef85ee4cdcec3e774c3cee92
      size: 1717
    - path: src/Churn/components/cloud_storage_push.py
      hash: md5
      md5: e5fb79316079c514c09376581f3dff69
      size: 4104
    - path: src/Churn/pipeline/cloud_storage_push.py
      hash: md5
      md5: 7b458c1973559015f57e44bc7695d9ef
      size: 720
    - path: src/Churn/utils/cloud_storage.py
      hash: md5
      md5: beab0d3b3ffd21b1f99220cb9779437c
      size: 2653
